
Microsoft Visual Studio Solution File, Format Version 12.00
# Visual Studio Version 17
VisualStudioVersion = 17.5.002.0
MinimumVisualStudioVersion = 10.0.40219.1
Project("{2150E333-8FDC-42A3-9474-1A3956D46DE8}") = "csharp-prep", "csharp-prep", "{4A307B60-AA99-402D-9DFE-9B9545811DAD}"
EndProject
Project("{9A19103F-16F7-4668-BE54-9A1E7A4F7556}") = "Prep1", "csharp-prep\Prep1\Prep1.csproj", "{49F4FF08-0DB6-4B29-B449-6167992873AF}"
EndProject
Project("{9A19103F-16F7-4668-BE54-9A1E7A4F7556}") = "Prep2", "csharp-prep\Prep2\Prep2.csproj", "{85A56A2C-1578-4213-A110-2A4BAB38680B}"
EndProject
Project("{9A19103F-16F7-4668-BE54-9A1E7A4F7556}") = "Prep3", "csharp-prep\Prep3\Prep3.csproj", "{FF710DA6-52D9-45FD-B15A-F99F4F6B2CAF}"
EndProject
Project("{9A19103F-16F7-4668-BE54-9A1E7A4F7556}") = "Prep4", "csharp-prep\Prep4\Prep4.csproj", "{962FF7D4-2370-4711-BC4D-0DD7C5A4CD15}"
EndProject
Project("{9A19103F-16F7-4668-BE54-9A1E7A4F7556}") = "Prep5", "csharp-prep\Prep5\Prep5.csproj", "{322B3A18-B3D7-4AEB-9024-671F8E15A451}"
EndProject
Project("{2150E333-8FDC-42A3-9474-1A3956D46DE8}") = "final", "final", "{6561FA76-CF21-4EDD-90D7-E5E04EF537FE}"
EndProject
Project("{9A19103F-16F7-4668-BE54-9A1E7A4F7556}") = "FinalProject", "final\FinalProject\FinalProject.csproj", "{F5E58503-3299-4C17-B7BD-992BD38BF90E}"
EndProject
Project("{9A19103F-16F7-4668-BE54-9A1E7A4F7556}") = "Foundation1", "final\Foundation1\Foundation1.csproj", "{D5E62938-FB08-4711-AE29-7338E980C729}"
EndProject
Project("{9A19103F-16F7-4668-BE54-9A1E7A4F7556}") = "Foundation2", "final\Foundation2\Foundation2.csproj", "{FA1E9DF0-BF1B-4570-8378-62F7DCB2656C}"
EndProject
Project("{9A19103F-16F7-4668-BE54-9A1E7A4F7556}") = "Foundation3", "final\Foundation3\Foundation3.csproj", "{BB070F9A-106C-4E3E-A951-17B071BD1565}"
EndProject
Project("{9A19103F-16F7-4668-BE54-9A1E7A4F7556}") = "Foundation4", "final\Foundation4\Foundation4.csproj", "{04B8963F-2EC5-40F6-A609-9208CE948253}"
EndProject
Project("{2150E333-8FDC-42A3-9474-1A3956D46DE8}") = "prepare", "prepare", "{5126310B-1FE5-4D70-964C-154EBBA8ECF3}"
EndProject
Project("{9A19103F-16F7-4668-BE54-9A1E7A4F7556}") = "Learning02", "prepare\Learning02\Learning02.csproj", "{80CB3B61-E784-43CA-9C16-9315DABE4057}"
EndProject
Project("{9A19103F-16F7-4668-BE54-9A1E7A4F7556}") = "Learning03", "prepare\Learning03\Learning03.csproj", "{254B4A99-9525-4017-8AA5-C154243EE7DD}"
EndProject
Project("{9A19103F-16F7-4668-BE54-9A1E7A4F7556}") = "Learning04", "prepare\Learning04\Learning04.csproj", "{4ADFF954-6BBA-4030-8C9A-B15B16C82264}"
EndProject
Project("{9A19103F-16F7-4668-BE54-9A1E7A4F7556}") = "Learning05", "prepare\Learning05\Learning05.csproj", "{F51415CE-E681-4D04-ADBF-6F718676A3B8}"
EndProject
Project("{2150E333-8FDC-42A3-9474-1A3956D46DE8}") = "prove", "prove", "{B2394571-D059-476C-A04B-A5E2161F70B8}"
EndProject
Project("{9A19103F-16F7-4668-BE54-9A1E7A4F7556}") = "Develop02", "prove\Develop02\Develop02.csproj", "{C484384B-808E-4C17-8DB9-32E7A6A3C044}"
EndProject
Project("{9A19103F-16F7-4668-BE54-9A1E7A4F7556}") = "Develop03", "prove\Develop03\Develop03.csproj", "{6ACDFCB6-28E4-44A3-8C3B-60D696AA67CD}"
EndProject
Project("{9A19103F-16F7-4668-BE54-9A1E7A4F7556}") = "Develop04", "prove\Develop04\Develop04.csproj", "{BB992E9D-9A9F-45FA-9DB6-B61A33553DBA}"
EndProject
Project("{9A19103F-16F7-4668-BE54-9A1E7A4F7556}") = "Develop05", "prove\Develop05\Develop05.csproj", "{62162850-0FE0-46CB-BB2D-AFABDDAC655A}"
EndProject
Project("{2150E333-8FDC-42A3-9474-1A3956D46DE8}") = "sandbox", "sandbox", "{7EB718C8-5714-4696-BB37-EA7AD71FC617}"
EndProject
Project("{9A19103F-16F7-4668-BE54-9A1E7A4F7556}") = "Sandbox", "sandbox\Sandbox\Sandbox.csproj", "{F750C1BF-FE73-4EED-93F2-4C06FC46297F}"
EndProject
Global
	GlobalSection(SolutionConfigurationPlatforms) = preSolution
		Debug|Any CPU = Debug|Any CPU
		Release|Any CPU = Release|Any CPU
	EndGlobalSection
	GlobalSection(ProjectConfigurationPlatforms) = postSolution
		{49F4FF08-0DB6-4B29-B449-6167992873AF}.Debug|Any CPU.ActiveCfg = Debug|Any CPU
		{49F4FF08-0DB6-4B29-B449-6167992873AF}.Debug|Any CPU.Build.0 = Debug|Any CPU
		{49F4FF08-0DB6-4B29-B449-6167992873AF}.Release|Any CPU.ActiveCfg = Release|Any CPU
		{49F4FF08-0DB6-4B29-B449-6167992873AF}.Release|Any CPU.Build.0 = Release|Any CPU
		{85A56A2C-1578-4213-A110-2A4BAB38680B}.Debug|Any CPU.ActiveCfg = Debug|Any CPU
		{85A56A2C-1578-4213-A110-2A4BAB38680B}.Debug|Any CPU.Build.0 = Debug|Any CPU
		{85A56A2C-1578-4213-A110-2A4BAB38680B}.Release|Any CPU.ActiveCfg = Release|Any CPU
		{85A56A2C-1578-4213-A110-2A4BAB38680B}.Release|Any CPU.Build.0 = Release|Any CPU
		{FF710DA6-52D9-45FD-B15A-F99F4F6B2CAF}.Debug|Any CPU.ActiveCfg = Debug|Any CPU
		{FF710DA6-52D9-45FD-B15A-F99F4F6B2CAF}.Debug|Any CPU.Build.0 = Debug|Any CPU
		{FF710DA6-52D9-45FD-B15A-F99F4F6B2CAF}.Release|Any CPU.ActiveCfg = Release|Any CPU
		{FF710DA6-52D9-45FD-B15A-F99F4F6B2CAF}.Release|Any CPU.Build.0 = Release|Any CPU
		{962FF7D4-2370-4711-BC4D-0DD7C5A4CD15}.Debug|Any CPU.ActiveCfg = Debug|Any CPU
		{962FF7D4-2370-4711-BC4D-0DD7C5A4CD15}.Debug|Any CPU.Build.0 = Debug|Any CPU
		{962FF7D4-2370-4711-BC4D-0DD7C5A4CD15}.Release|Any CPU.ActiveCfg = Release|Any CPU
		{962FF7D4-2370-4711-BC4D-0DD7C5A4CD15}.Release|Any CPU.Build.0 = Release|Any CPU
		{322B3A18-B3D7-4AEB-9024-671F8E15A451}.Debug|Any CPU.ActiveCfg = Debug|Any CPU
		{322B3A18-B3D7-4AEB-9024-671F8E15A451}.Debug|Any CPU.Build.0 = Debug|Any CPU
		{322B3A18-B3D7-4AEB-9024-671F8E15A451}.Release|Any CPU.ActiveCfg = Release|Any CPU
		{322B3A18-B3D7-4AEB-9024-671F8E15A451}.Release|Any CPU.Build.0 = Release|Any CPU
		{F5E58503-3299-4C17-B7BD-992BD38BF90E}.Debug|Any CPU.ActiveCfg = Debug|Any CPU
		{F5E58503-3299-4C17-B7BD-992BD38BF90E}.Debug|Any CPU.Build.0 = Debug|Any CPU
		{F5E58503-3299-4C17-B7BD-992BD38BF90E}.Release|Any CPU.ActiveCfg = Release|Any CPU
		{F5E58503-3299-4C17-B7BD-992BD38BF90E}.Release|Any CPU.Build.0 = Release|Any CPU
		{D5E62938-FB08-4711-AE29-7338E980C729}.Debug|Any CPU.ActiveCfg = Debug|Any CPU
		{D5E62938-FB08-4711-AE29-7338E980C729}.Debug|Any CPU.Build.0 = Debug|Any CPU
		{D5E62938-FB08-4711-AE29-7338E980C729}.Release|Any CPU.ActiveCfg = Release|Any CPU
		{D5E62938-FB08-4711-AE29-7338E980C729}.Release|Any CPU.Build.0 = Release|Any CPU
		{FA1E9DF0-BF1B-4570-8378-62F7DCB2656C}.Debug|Any CPU.ActiveCfg = Debug|Any CPU
		{FA1E9DF0-BF1B-4570-8378-62F7DCB2656C}.Debug|Any CPU.Build.0 = Debug|Any CPU
		{FA1E9DF0-BF1B-4570-8378-62F7DCB2656C}.Release|Any CPU.ActiveCfg = Release|Any CPU
		{FA1E9DF0-BF1B-4570-8378-62F7DCB2656C}.Release|Any CPU.Build.0 = Release|Any CPU
		{BB070F9A-106C-4E3E-A951-17B071BD1565}.Debug|Any CPU.ActiveCfg = Debug|Any CPU
		{BB070F9A-106C-4E3E-A951-17B071BD1565}.Debug|Any CPU.Build.0 = Debug|Any CPU
		{BB070F9A-106C-4E3E-A951-17B071BD1565}.Release|Any CPU.ActiveCfg = Release|Any CPU
		{BB070F9A-106C-4E3E-A951-17B071BD1565}.Release|Any CPU.Build.0 = Release|Any CPU
		{04B8963F-2EC5-40F6-A609-9208CE948253}.Debug|Any CPU.ActiveCfg = Debug|Any CPU
		{04B8963F-2EC5-40F6-A609-9208CE948253}.Debug|Any CPU.Build.0 = Debug|Any CPU
		{04B8963F-2EC5-40F6-A609-9208CE948253}.Release|Any CPU.ActiveCfg = Release|Any CPU
		{04B8963F-2EC5-40F6-A609-9208CE948253}.Release|Any CPU.Build.0 = Release|Any CPU
		{80CB3B61-E784-43CA-9C16-9315DABE4057}.Debug|Any CPU.ActiveCfg = Debug|Any CPU
		{80CB3B61-E784-43CA-9C16-9315DABE4057}.Debug|Any CPU.Build.0 = Debug|Any CPU
		{80CB3B61-E784-43CA-9C16-9315DABE4057}.Release|Any CPU.ActiveCfg = Release|Any CPU
		{80CB3B61-E784-43CA-9C16-9315DABE4057}.Release|Any CPU.Build.0 = Release|Any CPU
		{254B4A99-9525-4017-8AA5-C154243EE7DD}.Debug|Any CPU.ActiveCfg = Debug|Any CPU
		{254B4A99-9525-4017-8AA5-C154243EE7DD}.Debug|Any CPU.Build.0 = Debug|Any CPU
		{254B4A99-9525-4017-8AA5-C154243EE7DD}.Release|Any CPU.ActiveCfg = Release|Any CPU
		{254B4A99-9525-4017-8AA5-C154243EE7DD}.Release|Any CPU.Build.0 = Release|Any CPU
		{4ADFF954-6BBA-4030-8C9A-B15B16C82264}.Debug|Any CPU.ActiveCfg = Debug|Any CPU
		{4ADFF954-6BBA-4030-8C9A-B15B16C82264}.Debug|Any CPU.Build.0 = Debug|Any CPU
		{4ADFF954-6BBA-4030-8C9A-B15B16C82264}.Release|Any CPU.ActiveCfg = Release|Any CPU
		{4ADFF954-6BBA-4030-8C9A-B15B16C82264}.Release|Any CPU.Build.0 = Release|Any CPU
		{F51415CE-E681-4D04-ADBF-6F718676A3B8}.Debug|Any CPU.ActiveCfg = Debug|Any CPU
		{F51415CE-E681-4D04-ADBF-6F718676A3B8}.Debug|Any CPU.Build.0 = Debug|Any CPU
		{F51415CE-E681-4D04-ADBF-6F718676A3B8}.Release|Any CPU.ActiveCfg = Release|Any CPU
		{F51415CE-E681-4D04-ADBF-6F718676A3B8}.Release|Any CPU.Build.0 = Release|Any CPU
		{C484384B-808E-4C17-8DB9-32E7A6A3C044}.Debug|Any CPU.ActiveCfg = Debug|Any CPU
		{C484384B-808E-4C17-8DB9-32E7A6A3C044}.Debug|Any CPU.Build.0 = Debug|Any CPU
		{C484384B-808E-4C17-8DB9-32E7A6A3C044}.Release|Any CPU.ActiveCfg = Release|Any CPU
		{C484384B-808E-4C17-8DB9-32E7A6A3C044}.Release|Any CPU.Build.0 = Release|Any CPU
		{6ACDFCB6-28E4-44A3-8C3B-60D696AA67CD}.Debug|Any CPU.ActiveCfg = Debug|Any CPU
		{6ACDFCB6-28E4-44A3-8C3B-60D696AA67CD}.Debug|Any CPU.Build.0 = Debug|Any CPU
		{6ACDFCB6-28E4-44A3-8C3B-60D696AA67CD}.Release|Any CPU.ActiveCfg = Release|Any CPU
		{6ACDFCB6-28E4-44A3-8C3B-60D696AA67CD}.Release|Any CPU.Build.0 = Release|Any CPU
		{BB992E9D-9A9F-45FA-9DB6-B61A33553DBA}.Debug|Any CPU.ActiveCfg = Debug|Any CPU
		{BB992E9D-9A9F-45FA-9DB6-B61A33553DBA}.Debug|Any CPU.Build.0 = Debug|Any CPU
		{BB992E9D-9A9F-45FA-9DB6-B61A33553DBA}.Release|Any CPU.ActiveCfg = Release|Any CPU
		{BB992E9D-9A9F-45FA-9DB6-B61A33553DBA}.Release|Any CPU.Build.0 = Release|Any CPU
		{62162850-0FE0-46CB-BB2D-AFABDDAC655A}.Debug|Any CPU.ActiveCfg = Debug|Any CPU
		{62162850-0FE0-46CB-BB2D-AFABDDAC655A}.Debug|Any CPU.Build.0 = Debug|Any CPU
		{62162850-0FE0-46CB-BB2D-AFABDDAC655A}.Release|Any CPU.ActiveCfg = Release|Any CPU
		{62162850-0FE0-46CB-BB2D-AFABDDAC655A}.Release|Any CPU.Build.0 = Release|Any CPU
		{F750C1BF-FE73-4EED-93F2-4C06FC46297F}.Debug|Any CPU.ActiveCfg = Debug|Any CPU
		{F750C1BF-FE73-4EED-93F2-4C06FC46297F}.Debug|Any CPU.Build.0 = Debug|Any CPU
		{F750C1BF-FE73-4EED-93F2-4C06FC46297F}.Release|Any CPU.ActiveCfg = Release|Any CPU
		{F750C1BF-FE73-4EED-93F2-4C06FC46297F}.Release|Any CPU.Build.0 = Release|Any CPU
	EndGlobalSection
	GlobalSection(SolutionProperties) = preSolution
		HideSolutionNode = FALSE
	EndGlobalSection
	GlobalSection(NestedProjects) = preSolution
		{49F4FF08-0DB6-4B29-B449-6167992873AF} = {4A307B60-AA99-402D-9DFE-9B9545811DAD}
		{85A56A2C-1578-4213-A110-2A4BAB38680B} = {4A307B60-AA99-402D-9DFE-9B9545811DAD}
		{FF710DA6-52D9-45FD-B15A-F99F4F6B2CAF} = {4A307B60-AA99-402D-9DFE-9B9545811DAD}
		{962FF7D4-2370-4711-BC4D-0DD7C5A4CD15} = {4A307B60-AA99-402D-9DFE-9B9545811DAD}
		{322B3A18-B3D7-4AEB-9024-671F8E15A451} = {4A307B60-AA99-402D-9DFE-9B9545811DAD}
		{F5E58503-3299-4C17-B7BD-992BD38BF90E} = {6561FA76-CF21-4EDD-90D7-E5E04EF537FE}
		{D5E62938-FB08-4711-AE29-7338E980C729} = {6561FA76-CF21-4EDD-90D7-E5E04EF537FE}
		{FA1E9DF0-BF1B-4570-8378-62F7DCB2656C} = {6561FA76-CF21-4EDD-90D7-E5E04EF537FE}
		{BB070F9A-106C-4E3E-A951-17B071BD1565} = {6561FA76-CF21-4EDD-90D7-E5E04EF537FE}
		{04B8963F-2EC5-40F6-A609-9208CE948253} = {6561FA76-CF21-4EDD-90D7-E5E04EF537FE}
		{80CB3B61-E784-43CA-9C16-9315DABE4057} = {5126310B-1FE5-4D70-964C-154EBBA8ECF3}
		{254B4A99-9525-4017-8AA5-C154243EE7DD} = {5126310B-1FE5-4D70-964C-154EBBA8ECF3}
		{4ADFF954-6BBA-4030-8C9A-B15B16C82264} = {5126310B-1FE5-4D70-964C-154EBBA8ECF3}
		{F51415CE-E681-4D04-ADBF-6F718676A3B8} = {5126310B-1FE5-4D70-964C-154EBBA8ECF3}
		{C484384B-808E-4C17-8DB9-32E7A6A3C044} = {B2394571-D059-476C-A04B-A5E2161F70B8}
		{6ACDFCB6-28E4-44A3-8C3B-60D696AA67CD} = {B2394571-D059-476C-A04B-A5E2161F70B8}
		{BB992E9D-9A9F-45FA-9DB6-B61A33553DBA} = {B2394571-D059-476C-A04B-A5E2161F70B8}
		{62162850-0FE0-46CB-BB2D-AFABDDAC655A} = {B2394571-D059-476C-A04B-A5E2161F70B8}
		{F750C1BF-FE73-4EED-93F2-4C06FC46297F} = {7EB718C8-5714-4696-BB37-EA7AD71FC617}
	EndGlobalSection
	GlobalSection(ExtensibilityGlobals) = postSolution
		SolutionGuid = {3A81E826-47BA-4AD8-B21E-2C6520B40973}
	EndGlobalSection
EndGlobal
